#MicroXplorer Configuration settings - do not modify
Mcu.Family=STM32F1
NVIC.USART3_IRQn=true\:1\:0\:true\:false\:false\:false\:true\:false
SH.GPXTI1.0=GPIO_EXTI1
ProjectManager.MainLocation=Core/Src
RCC.MCOFreq_Value=72000000
VP_TIM5_VS_ClockSourceINT.Mode=Internal
PB13.GPIOParameters=PinState,GPIO_Label
PA6.Mode=RX_Only_Simplex_Unidirect_Master
SH.S_TIM4_CH2.ConfNb=1
SH.S_TIM1_CH4.0=TIM1_CH4,PWM Generation4 CH4
Dma.ADC1.1.MemDataAlignment=DMA_MDATAALIGN_HALFWORD
ProjectManager.KeepUserCode=true
Mcu.UserName=STM32F103VETx
SPI1.VirtualType=VM_MASTER
VP_ADC1_TempSens_Input.Mode=IN-TempSens
ADC1.ContinuousConvMode=DISABLE
VP_TIM5_VS_ClockSourceINT.Signal=TIM5_VS_ClockSourceINT
TIM1.IPParameters=Channel-PWM Generation1 CH1,Channel-PWM Generation2 CH2,Channel-PWM Generation3 CH3,Channel-PWM Generation4 CH4,Prescaler,Pulse-PWM Generation3 CH3,Pulse-PWM Generation4 CH4,Pulse-PWM Generation2 CH2,Pulse-PWM Generation1 CH1,Period
RCC.PLLCLKFreq_Value=72000000
PB14.GPIO_Label=LED_ERROR
ProjectManager.functionlistsort=1-MX_GPIO_Init-GPIO-false-HAL-true,2-MX_DMA_Init-DMA-false-HAL-true,3-SystemClock_Config-RCC-false-HAL-false,4-MX_ADC1_Init-ADC1-false-HAL-true,5-MX_TIM1_Init-TIM1-false-HAL-true,6-MX_TIM2_Init-TIM2-false-HAL-true,7-MX_TIM3_Init-TIM3-false-HAL-true,8-MX_TIM4_Init-TIM4-false-HAL-true,9-MX_USART3_UART_Init-USART3-false-HAL-true,10-MX_TIM8_Init-TIM8-false-HAL-true,11-MX_SPI1_Init-SPI1-false-HAL-true,12-MX_TIM5_Init-TIM5-false-HAL-true
PA2.GPIO_Speed=GPIO_SPEED_FREQ_HIGH
PA3.GPIOParameters=GPIO_Speed,PinState,GPIO_Label
RCC.ADCFreqValue=9000000
TIM1.Pulse-PWM\ Generation1\ CH1=500
SH.S_TIM1_CH3.ConfNb=1
SH.S_TIM1_CH1.ConfNb=1
VP_RealThread.RT-Thread_VS_RTOSJjRTAaThread_3.1.3.Mode=RTOSJjRTAaThread
TIM2.Channel-PWM\ Generation2\ CH2=TIM_CHANNEL_2
SH.S_TIM4_CH4.ConfNb=1
PB13.GPIO_Label=LED_RUN
PA3.GPIO_Speed=GPIO_SPEED_FREQ_HIGH
PB11.Signal=S_TIM2_CH4
PB13.Signal=GPIO_Output
PB15.Signal=GPXTI15
VP_TIM8_VS_ClockSourceINT.Signal=TIM8_VS_ClockSourceINT
PA2.GPIOParameters=GPIO_Speed,PinState,GPIO_Label
PD9.Mode=Asynchronous
PinOutPanel.RotationAngle=0
RCC.SYSCLKSource=RCC_SYSCLKSOURCE_PLLCLK
ProjectManager.StackSize=0x400
PD13.Signal=S_TIM4_CH2
Mcu.IP4=SPI1
RCC.FCLKCortexFreq_Value=72000000
Mcu.IP5=SYS
Mcu.IP2=NVIC
NVIC.SVCall_IRQn=true\:0\:0\:false\:false\:false\:false\:false\:false
Mcu.IP3=RCC
RCC.SDIOHCLKDiv2FreqValue=36000000
Mcu.IP0=ADC1
Mcu.IP1=DMA
TIM1.Prescaler=0
Mcu.UserConstants=
Dma.SPI1_RX.0.Direction=DMA_PERIPH_TO_MEMORY
SH.S_TIM3_CH2.ConfNb=1
TIM2.Pulse-PWM\ Generation3\ CH3=300
Dma.ADC1.1.Instance=DMA1_Channel1
Mcu.ThirdPartyNb=1
TIM1.Channel-PWM\ Generation4\ CH4=TIM_CHANNEL_4
RCC.SDIOFreq_Value=72000000
SPI1.Direction=SPI_DIRECTION_2LINES_RXONLY
RCC.HCLKFreq_Value=72000000
Mcu.IPNb=13
TIM2.IPParameters=Channel-PWM Generation2 CH2,Channel-PWM Generation1 CH1,Channel-PWM Generation3 CH3,Channel-PWM Generation4 CH4,Prescaler,Period,Pulse-PWM Generation1 CH1,Pulse-PWM Generation2 CH2,Pulse-PWM Generation3 CH3,Pulse-PWM Generation4 CH4
ProjectManager.PreviousToolchain=
RCC.APB2TimFreq_Value=72000000
TIM3.Period=1000
ADC1.InjNumberOfConversion=1
Dma.ADC1.1.PeriphDataAlignment=DMA_PDATAALIGN_HALFWORD
SPI1.CalculateBaudRate=281.25 KBits/s
Mcu.Pin6=PA4
Mcu.Pin7=PA5
PD8.Signal=USART3_TX
VP_TIM2_VS_ClockSourceINT.Signal=TIM2_VS_ClockSourceINT
Mcu.Pin8=PA6
OSC_OUT.Mode=HSE-External-Oscillator
Mcu.Pin9=PB0
OSC_OUT.Signal=RCC_OSC_OUT
RCC.AHBFreq_Value=72000000
TIM5.Pulse-PWM\ Generation1\ CH1=500
PB13.Locked=true
Mcu.Pin0=OSC_IN
Mcu.Pin1=OSC_OUT
TIM3.Channel-PWM\ Generation1\ CH1=TIM_CHANNEL_1
TIM8.IPParameters=TIM_MasterOutputTrigger,Prescaler,Period
GPIO.groupedBy=Group By Peripherals
Mcu.Pin2=PA0-WKUP
Mcu.Pin3=PA1
Mcu.Pin4=PA2
Mcu.Pin5=PA3
ADC1.Channel-0\#ChannelRegularConversion=ADC_CHANNEL_TEMPSENSOR
TIM3.Pulse-PWM\ Generation3\ CH3=700
ProjectManager.ProjectBuild=false
TIM4.Channel-PWM\ Generation3\ CH3=TIM_CHANNEL_3
NVIC.UsageFault_IRQn=true\:0\:0\:false\:false\:true\:false\:false\:false
NVIC.DebugMonitor_IRQn=true\:0\:0\:false\:false\:true\:false\:false\:false
PA4.Locked=true
Mcu.IP10=TIM5
NVIC.SysTick_IRQn=true\:0\:0\:false\:false\:false\:false\:false\:false
Mcu.IP12=USART3
RCC.PLLMUL=RCC_PLL_MUL9
Mcu.IP11=TIM8
PA4.GPIO_Speed=GPIO_SPEED_FREQ_HIGH
Dma.SPI1_RX.0.PeriphInc=DMA_PINC_DISABLE
ProjectManager.FirmwarePackage=STM32Cube FW_F1 V1.8.3
MxDb.Version=DB.6.0.0
PA2.PinState=GPIO_PIN_SET
Mcu.ThirdParty0=RealThread.RT-Thread.3.1.3
PA1.GPIOParameters=GPIO_Speed,PinState,GPIO_Label
PE13.Signal=S_TIM1_CH3
ProjectManager.BackupPrevious=false
Dma.ADC1.1.RequestParameters=Instance,Direction,PeriphInc,MemInc,PeriphDataAlignment,MemDataAlignment,Mode,Priority
TIM1.Channel-PWM\ Generation1\ CH1=TIM_CHANNEL_1
PE9.Signal=S_TIM1_CH1
PA14.Mode=Serial_Wire
TIM3.Prescaler=0
PB1.GPIO_Label=Switch2
SPI1.DataSize=SPI_DATASIZE_16BIT
File.Version=6
Dma.ADC1.1.Priority=DMA_PRIORITY_LOW
SH.S_TIM4_CH2.0=TIM4_CH2,PWM Generation2 CH2
Dma.ADC1.1.Mode=DMA_NORMAL
TIM2.Channel-PWM\ Generation1\ CH1=TIM_CHANNEL_1
NVIC.PendSV_IRQn=true\:0\:0\:false\:false\:false\:false\:false\:false
SH.S_TIM3_CH1.0=TIM3_CH1,PWM Generation1 CH1
TIM4.Period=1000
Dma.RequestsNb=2
ProjectManager.HalAssertFull=false
VP_TIM1_VS_ClockSourceINT.Mode=Internal
ADC1.SamplingTime-0\#ChannelRegularConversion=ADC_SAMPLETIME_239CYCLES_5
ProjectManager.ProjectName=dryerV1
RCC.PLLMCOFreq_Value=36000000
Mcu.Package=LQFP100
TIM2.Prescaler=0
PB1.Signal=GPXTI1
PA6.Signal=SPI1_MISO
ADC1.EnableInjectedConversion=DISABLE
RCC.I2S2Freq_Value=72000000
TIM1.Pulse-PWM\ Generation2\ CH2=500
Dma.ADC1.1.Direction=DMA_PERIPH_TO_MEMORY
PD12.Signal=S_TIM4_CH1
ProjectManager.ToolChainLocation=
PA2.GPIO_Label=ThermocoupleCS_2
VP_SYS_VS_Systick.Signal=SYS_VS_Systick
Dma.ADC1.1.MemInc=DMA_MINC_ENABLE
USART3.IPParameters=VirtualMode
PA15.Signal=S_TIM2_CH1_ETR
PA1.PinState=GPIO_PIN_SET
PB14.GPIOParameters=PinState,GPIO_Label
TIM2.Pulse-PWM\ Generation2\ CH2=200
TIM8.Prescaler=71
SH.S_TIM4_CH1.0=TIM4_CH1,PWM Generation1 CH1
Dma.Request1=ADC1
RCC.APB1TimFreq_Value=72000000
NVIC.BusFault_IRQn=true\:0\:0\:false\:false\:true\:false\:false\:false
SH.S_TIM5_CH1.0=TIM5_CH1,PWM Generation1 CH1
TIM3.Pulse-PWM\ Generation2\ CH2=600
TIM1.Period=1000
SH.S_TIM2_CH4.ConfNb=1
TIM4.Channel-PWM\ Generation4\ CH4=TIM_CHANNEL_4
Dma.Request0=SPI1_RX
Dma.SPI1_RX.0.RequestParameters=Instance,Direction,PeriphInc,MemInc,PeriphDataAlignment,MemDataAlignment,Mode,Priority
SPI1.BaudRatePrescaler=SPI_BAUDRATEPRESCALER_256
PA4.GPIO_Label=SPI1_CS
PD15.Signal=S_TIM4_CH4
RealThread.RT-Thread.3.1.3.RTOSJjRTAaThread_Checked=true
ProjectManager.CustomerFirmwarePackage=
VP_TIM3_VS_ClockSourceINT.Mode=Internal
PB15.Locked=true
PB4.Signal=S_TIM3_CH1
PA3.Signal=GPIO_Output
PA5.Mode=RX_Only_Simplex_Unidirect_Master
PA2.Locked=true
RCC.PLLSourceVirtual=RCC_PLLSOURCE_HSE
TIM4.Channel-PWM\ Generation1\ CH1=TIM_CHANNEL_1
SH.S_TIM4_CH1.ConfNb=1
ProjectManager.ProjectFileName=dryerV1.ioc
TIM2.Channel-PWM\ Generation4\ CH4=TIM_CHANNEL_4
ADC1.Rank-0\#ChannelRegularConversion=1
TIM5.IPParameters=Channel-PWM Generation1 CH1,Period,Pulse-PWM Generation1 CH1
Mcu.PinsNb=41
ProjectManager.NoMain=true
SPI1.IPParameters=VirtualType,Mode,Direction,BaudRatePrescaler,CalculateBaudRate,DataSize
ADC1.IPParameters=Rank-0\#ChannelRegularConversion,Channel-0\#ChannelRegularConversion,SamplingTime-0\#ChannelRegularConversion,NbrOfConversionFlag,ContinuousConvMode,NbrOfConversion,ExternalTrigConv,EnableInjectedConversion,InjNumberOfConversion,master
SH.S_TIM4_CH4.0=TIM4_CH4,PWM Generation4 CH4
NVIC.SavedSvcallIrqHandlerGenerated=true
ProjectManager.DefaultFWLocation=true
PD9.Signal=USART3_RX
RealThread.RT-Thread.3.1.3.RTAaThreadCcRTOSJjshell=true
ProjectManager.DeletePrevious=true
Dma.SPI1_RX.0.Mode=DMA_NORMAL
PB14.Locked=true
RCC.APB1CLKDivider=RCC_HCLK_DIV2
SH.S_TIM3_CH3.0=TIM3_CH3,PWM Generation3 CH3
SH.S_TIM2_CH1_ETR.ConfNb=1
RCC.FamilyName=M
RCC.I2S3Freq_Value=72000000
PA0-WKUP.Signal=S_TIM5_CH1
TIM2.Pulse-PWM\ Generation1\ CH1=100
RCC.ADCPresc=RCC_ADCPCLK2_DIV8
PA13.Signal=SYS_JTMS-SWDIO
TIM1.Pulse-PWM\ Generation3\ CH3=500
TIM3.Channel-PWM\ Generation3\ CH3=TIM_CHANNEL_3
SH.S_TIM2_CH2.0=TIM2_CH2,PWM Generation2 CH2
PB14.PinState=GPIO_PIN_SET
TIM3.Pulse-PWM\ Generation1\ CH1=500
SH.S_TIM1_CH1.0=TIM1_CH1,PWM Generation1 CH1
PA4.PinState=GPIO_PIN_SET
VP_TIM4_VS_ClockSourceINT.Signal=TIM4_VS_ClockSourceINT
NVIC.DMA1_Channel2_IRQn=true\:2\:2\:true\:false\:true\:true\:false\:true
ProjectManager.TargetToolchain=MDK-ARM V5.27
TIM4.IPParameters=Prescaler,Period,Channel-PWM Generation1 CH1,Channel-PWM Generation2 CH2,Channel-PWM Generation3 CH3,Channel-PWM Generation4 CH4
SH.S_TIM3_CH3.ConfNb=1
VP_RealThread.RT-Thread_VS_RTOSJjRTAaThread_3.1.3.Signal=RealThread.RT-Thread_VS_RTOSJjRTAaThread_3.1.3
RealThread.RT-Thread.3.1.3.IPParameters=RTAaThreadCcRTOSJjkernel,RTAaThreadCcRTOSJjshell,RT_NAME_MAX
SH.S_TIM4_CH3.0=TIM4_CH3,PWM Generation3 CH3
SH.S_TIM2_CH2.ConfNb=1
VP_TIM1_VS_ClockSourceINT.Signal=TIM1_VS_ClockSourceINT
TIM1.Channel-PWM\ Generation2\ CH2=TIM_CHANNEL_2
VP_TIM8_VS_ClockSourceINT.Mode=Internal
ProjectManager.RegisterCallBack=
OSC_IN.Signal=RCC_OSC_IN
RCC.USBFreq_Value=72000000
VP_TIM3_VS_ClockSourceINT.Signal=TIM3_VS_ClockSourceINT
TIM4.Prescaler=0
PE11.Signal=S_TIM1_CH2
PD8.Mode=Asynchronous
PA1.Signal=GPIO_Output
PB1.Locked=true
SH.S_TIM1_CH2.ConfNb=1
PB10.Signal=S_TIM2_CH3
SH.S_TIM4_CH3.ConfNb=1
PB14.Signal=GPIO_Output
Mcu.Pin40=VP_RealThread.RT-Thread_VS_RTOSJjRTAaThread_3.1.3
PA5.Signal=SPI1_SCK
SH.S_TIM3_CH2.0=TIM3_CH2,PWM Generation2 CH2
board=custom
ProjectManager.LastFirmware=true
RCC.VCOOutput2Freq_Value=8000000
TIM4.Channel-PWM\ Generation2\ CH2=TIM_CHANNEL_2
NVIC.SavedSystickIrqHandlerGenerated=false
RCC.APB2Freq_Value=72000000
PE14.Signal=S_TIM1_CH4
PB13.PinState=GPIO_PIN_SET
MxCube.Version=6.0.1
Mcu.Pin37=VP_TIM4_VS_ClockSourceINT
Mcu.Pin38=VP_TIM5_VS_ClockSourceINT
SH.S_TIM1_CH2.0=TIM1_CH2,PWM Generation2 CH2
PB15.GPIO_Label=Switch3
Mcu.Pin35=VP_TIM2_VS_ClockSourceINT
VP_TIM2_VS_ClockSourceINT.Mode=Internal
SH.S_TIM2_CH3.0=TIM2_CH3,PWM Generation3 CH3
Mcu.Pin36=VP_TIM3_VS_ClockSourceINT
SPI1.Mode=SPI_MODE_MASTER
Mcu.Pin39=VP_TIM8_VS_ClockSourceINT
PA1.GPIO_Speed=GPIO_SPEED_FREQ_HIGH
Dma.SPI1_RX.0.Instance=DMA1_Channel2
VP_ADC1_TempSens_Input.Signal=ADC1_TempSens_Input
Mcu.Pin30=PB4
PA1.GPIO_Label=ThermocoupleCS_1
VP_SYS_VS_Systick.Mode=SysTick
Dma.SPI1_RX.0.PeriphDataAlignment=DMA_PDATAALIGN_HALFWORD
RealThread.RT-Thread.3.1.3_SwParameter=RTAaThreadCcRTOSJjshell\:true;RTAaThreadCcRTOSJjkernel\:true;
TIM2.Channel-PWM\ Generation3\ CH3=TIM_CHANNEL_3
Mcu.Pin33=VP_SYS_VS_Systick
TIM3.IPParameters=Channel-PWM Generation1 CH1,Channel-PWM Generation2 CH2,Channel-PWM Generation3 CH3,Prescaler,Period,Pulse-PWM Generation1 CH1,Pulse-PWM Generation2 CH2,Pulse-PWM Generation3 CH3
Mcu.Pin34=VP_TIM1_VS_ClockSourceINT
Mcu.Pin31=PB5
Mcu.Pin32=VP_ADC1_TempSens_Input
Dma.SPI1_RX.0.MemDataAlignment=DMA_MDATAALIGN_HALFWORD
NVIC.NonMaskableInt_IRQn=true\:0\:0\:false\:false\:true\:false\:false\:false
PA4.GPIOParameters=GPIO_Speed,PinState,GPIO_Label
SH.S_TIM2_CH3.ConfNb=1
Dma.ADC1.1.PeriphInc=DMA_PINC_DISABLE
TIM2.Period=1000
PB15.GPIOParameters=GPIO_Label
ADC1.NbrOfConversion=1
PA13.Mode=Serial_Wire
ProjectManager.FreePins=false
RCC.IPParameters=ADCFreqValue,ADCPresc,AHBFreq_Value,APB1CLKDivider,APB1Freq_Value,APB1TimFreq_Value,APB2Freq_Value,APB2TimFreq_Value,FCLKCortexFreq_Value,FSMCFreq_Value,FamilyName,HCLKFreq_Value,I2S2Freq_Value,I2S3Freq_Value,MCOFreq_Value,PLLCLKFreq_Value,PLLMCOFreq_Value,PLLMUL,PLLSourceVirtual,SDIOFreq_Value,SDIOHCLKDiv2FreqValue,SYSCLKFreq_VALUE,SYSCLKSource,TimSysFreq_Value,USBFreq_Value,VCOOutput2Freq_Value
ProjectManager.AskForMigrate=true
Mcu.Name=STM32F103V(C-D-E)Tx
Mcu.Pin26=PA13
RealThread.RT-Thread.3.1.3.RTAaThreadCcRTOSJjkernel=true
Mcu.Pin27=PA14
Dma.SPI1_RX.0.MemInc=DMA_MINC_ENABLE
NVIC.SavedPendsvIrqHandlerGenerated=false
PA2.Signal=GPIO_Output
Mcu.Pin24=PD14
ProjectManager.UnderRoot=false
Mcu.Pin25=PD15
Mcu.IP8=TIM3
ADC1.ExternalTrigConv=ADC_SOFTWARE_START
Mcu.IP9=TIM4
TIM8.Period=100
PD14.Signal=S_TIM4_CH3
Mcu.Pin28=PA15
Mcu.IP6=TIM1
Mcu.Pin29=PB3
RCC.FSMCFreq_Value=72000000
Mcu.IP7=TIM2
ProjectManager.CoupleFile=true
PB3.Signal=S_TIM2_CH2
PA4.Signal=GPIO_Output
RCC.SYSCLKFreq_VALUE=72000000
Mcu.Pin22=PD12
PB5.Signal=S_TIM3_CH2
Mcu.Pin23=PD13
RCC.TimSysFreq_Value=72000000
PA1.Locked=true
Mcu.Pin20=PD8
ADC1.master=1
Mcu.Pin21=PD9
PA3.Locked=true
NVIC.ForceEnableDMAVector=true
TIM8.TIM_MasterOutputTrigger=TIM_TRGO_UPDATE
KeepUserPlacement=false
OSC_IN.Mode=HSE-External-Oscillator
USART3.VirtualMode=VM_ASYNC
NVIC.MemoryManagement_IRQn=true\:0\:0\:false\:false\:false\:false\:false\:false
ProjectManager.CompilerOptimize=6
SH.S_TIM2_CH1_ETR.0=TIM2_CH1,PWM Generation1 CH1
TIM5.Channel-PWM\ Generation1\ CH1=TIM_CHANNEL_1
PA14.Signal=SYS_JTCK-SWCLK
ProjectManager.HeapSize=0x200
Mcu.Pin15=PB10
NVIC.HardFault_IRQn=true\:0\:0\:false\:false\:false\:false\:false\:false
Mcu.Pin16=PB11
Mcu.Pin13=PE13
SH.S_TIM2_CH4.0=TIM2_CH4,PWM Generation4 CH4
SH.S_TIM1_CH3.0=TIM1_CH3,PWM Generation3 CH3
Mcu.Pin14=PE14
Mcu.Pin19=PB15
Dma.SPI1_RX.0.Priority=DMA_PRIORITY_HIGH
TIM1.Pulse-PWM\ Generation4\ CH4=500
SH.GPXTI15.ConfNb=1
SH.S_TIM3_CH1.ConfNb=1
ProjectManager.ComputerToolchain=false
Mcu.Pin17=PB13
Mcu.Pin18=PB14
VP_TIM4_VS_ClockSourceINT.Mode=Internal
NVIC.PriorityGroup=NVIC_PRIORITYGROUP_2
ADC1.NbrOfConversionFlag=1
Mcu.Pin11=PE9
SH.GPXTI15.0=GPIO_EXTI15
TIM3.Channel-PWM\ Generation2\ CH2=TIM_CHANNEL_2
Mcu.Pin12=PE11
Mcu.Pin10=PB1
PA3.PinState=GPIO_PIN_SET
TIM2.Pulse-PWM\ Generation4\ CH4=400
TIM5.Period=1000
NVIC.DMA1_Channel1_IRQn=true\:2\:1\:true\:false\:true\:true\:false\:true
TIM1.Channel-PWM\ Generation3\ CH3=TIM_CHANNEL_3
SH.GPXTI1.ConfNb=1
RCC.APB1Freq_Value=36000000
PB0.Signal=S_TIM3_CH3
SH.S_TIM1_CH4.ConfNb=1
ProjectManager.DeviceId=STM32F103VETx
RealThread.RT-Thread.3.1.3.RT_NAME_MAX=16
ProjectManager.LibraryCopy=0
SH.S_TIM5_CH1.ConfNb=1
PA3.GPIO_Label=ThermocoupleCS_3
PB1.GPIOParameters=GPIO_Label
